
Microsoft Visual Studio Solution File, Format Version 12.00
# Visual Studio 2012
Project("{FAE04EC0-301F-11D3-BF4B-00C04F79EFBC}") = "Combine Hex", "Combine Hex\Combine Hex.csproj", "{A3AD773B-797A-4339-8981-E3DE2BBC152F}"
EndProject
Global
	GlobalSection(SolutionConfigurationPlatforms) = preSolution
		Debug|Any CPU = Debug|Any CPU
		Release|Any CPU = Release|Any CPU
	EndGlobalSection
	GlobalSection(ProjectConfigurationPlatforms) = postSolution
		{A3AD773B-797A-4339-8981-E3DE2BBC152F}.Debug|Any CPU.ActiveCfg = Debug|Any CPU
		{A3AD773B-797A-4339-8981-E3DE2BBC152F}.Debug|Any CPU.Build.0 = Debug|Any CPU
		{A3AD773B-797A-4339-8981-E3DE2BBC152F}.Release|Any CPU.ActiveCfg = Release|Any CPU
		{A3AD773B-797A-4339-8981-E3DE2BBC152F}.Release|Any CPU.Build.0 = Release|Any CPU
	EndGlobalSection
	GlobalSection(SolutionProperties) = preSolution
		HideSolutionNode = FALSE
	EndGlobalSection
EndGlobal
